# THIS IS AN AUTOGENERATED FILE. DO NOT EDIT THIS FILE DIRECTLY.
# yarn lockfile v1


"@babel/helper-module-imports@^7.0.0":
  version "7.18.6"
  resolved "https://registry.npmmirror.com/@babel/helper-module-imports/-/helper-module-imports-7.18.6.tgz#1e3ebdbbd08aad1437b428c50204db13c5a3ca6e"
  integrity sha512-0NFvs3VkuSYbFi1x2Vd6tKrywq+z/cLeYC/RJNFrIX/30Bf5aiGYbtvGXolEktzJH8o5E5KJ3tT+nkxuuZFVlA==
  dependencies:
    "@babel/types" "^7.18.6"

"@babel/helper-plugin-utils@^7.18.6":
  version "7.19.0"
  resolved "https://registry.npmmirror.com/@babel/helper-plugin-utils/-/helper-plugin-utils-7.19.0.tgz#4796bb14961521f0f8715990bee2fb6e51ce21bf"
  integrity sha512-40Ryx7I8mT+0gaNxm8JGTZFUITNqdLAgdg0hXzeVZxVD6nFsdhQvip6v8dqkRHzsz1VFpFAaOCHNn0vKBL7Czw==

"@babel/helper-string-parser@^7.18.10":
  version "7.18.10"
  resolved "https://registry.npmmirror.com/@babel/helper-string-parser/-/helper-string-parser-7.18.10.tgz#181f22d28ebe1b3857fa575f5c290b1aaf659b56"
  integrity sha512-XtIfWmeNY3i4t7t4D2t02q50HvqHybPqW2ki1kosnvWCwuCMeo81Jf0gwr85jy/neUdg5XDdeFE/80DXiO+njw==

"@babel/helper-validator-identifier@^7.19.1":
  version "7.19.1"
  resolved "https://registry.npmmirror.com/@babel/helper-validator-identifier/-/helper-validator-identifier-7.19.1.tgz#7eea834cf32901ffdc1a7ee555e2f9c27e249ca2"
  integrity sha512-awrNfaMtnHUr653GgGEs++LlAvW6w+DcPrOliSMXWCKo597CwL5Acf/wWdNkf/tfEQE3mjkeD1YOVZOUV/od1w==

"@babel/plugin-syntax-jsx@^7.2.0":
  version "7.18.6"
  resolved "https://registry.npmmirror.com/@babel/plugin-syntax-jsx/-/plugin-syntax-jsx-7.18.6.tgz#a8feef63b010150abd97f1649ec296e849943ca0"
  integrity sha512-6mmljtAedFGTWu2p/8WIORGwy+61PLgOMPOdazc7YoJ9ZCWUyFy3A6CpPkRKLKD1ToAesxX8KGEViAiLo9N+7Q==
  dependencies:
    "@babel/helper-plugin-utils" "^7.18.6"

"@babel/types@^7.18.6":
  version "7.19.3"
  resolved "https://registry.npmmirror.com/@babel/types/-/types-7.19.3.tgz#fc420e6bbe54880bce6779ffaf315f5e43ec9624"
  integrity sha512-hGCaQzIY22DJlDh9CH7NOxgKkFjBk0Cw9xDO1Xmh2151ti7wiGfQ3LauXzL4HP1fmFlTX6XjpRETTpUcv7wQLw==
  dependencies:
    "@babel/helper-string-parser" "^7.18.10"
    "@babel/helper-validator-identifier" "^7.19.1"
    to-fast-properties "^2.0.0"

"@vue/babel-helper-vue-jsx-merge-props@^1.4.0":
  version "1.4.0"
  resolved "https://registry.npmmirror.com/@vue/babel-helper-vue-jsx-merge-props/-/babel-helper-vue-jsx-merge-props-1.4.0.tgz#8d53a1e21347db8edbe54d339902583176de09f2"
  integrity sha512-JkqXfCkUDp4PIlFdDQ0TdXoIejMtTHP67/pvxlgeY+u5k3LEdKuWZ3LK6xkxo52uDoABIVyRwqVkfLQJhk7VBA==

"@vue/babel-plugin-transform-vue-jsx@^1.4.0":
  version "1.4.0"
  resolved "https://registry.npmmirror.com/@vue/babel-plugin-transform-vue-jsx/-/babel-plugin-transform-vue-jsx-1.4.0.tgz#4d4b3d46a39ea62b7467dd6e26ce47f7ceafb2fe"
  integrity sha512-Fmastxw4MMx0vlgLS4XBX0XiBbUFzoMGeVXuMV08wyOfXdikAFqBTuYPR0tlk+XskL19EzHc39SgjrPGY23JnA==
  dependencies:
    "@babel/helper-module-imports" "^7.0.0"
    "@babel/plugin-syntax-jsx" "^7.2.0"
    "@vue/babel-helper-vue-jsx-merge-props" "^1.4.0"
    html-tags "^2.0.0"
    lodash.kebabcase "^4.1.1"
    svg-tags "^1.0.0"

"@vue/babel-preset-jsx@^1.4.0":
  version "1.4.0"
  resolved "https://registry.npmmirror.com/@vue/babel-preset-jsx/-/babel-preset-jsx-1.4.0.tgz#f4914ba314235ab097bc4372ed67473c0780bfcc"
  integrity sha512-QmfRpssBOPZWL5xw7fOuHNifCQcNQC1PrOo/4fu6xlhlKJJKSA3HqX92Nvgyx8fqHZTUGMPHmFA+IDqwXlqkSA==
  dependencies:
    "@vue/babel-helper-vue-jsx-merge-props" "^1.4.0"
    "@vue/babel-plugin-transform-vue-jsx" "^1.4.0"
    "@vue/babel-sugar-composition-api-inject-h" "^1.4.0"
    "@vue/babel-sugar-composition-api-render-instance" "^1.4.0"
    "@vue/babel-sugar-functional-vue" "^1.4.0"
    "@vue/babel-sugar-inject-h" "^1.4.0"
    "@vue/babel-sugar-v-model" "^1.4.0"
    "@vue/babel-sugar-v-on" "^1.4.0"

"@vue/babel-sugar-composition-api-inject-h@^1.4.0":
  version "1.4.0"
  resolved "https://registry.npmmirror.com/@vue/babel-sugar-composition-api-inject-h/-/babel-sugar-composition-api-inject-h-1.4.0.tgz#187e1389f8871d89ece743bb50aed713be9d6c85"
  integrity sha512-VQq6zEddJHctnG4w3TfmlVp5FzDavUSut/DwR0xVoe/mJKXyMcsIibL42wPntozITEoY90aBV0/1d2KjxHU52g==
  dependencies:
    "@babel/plugin-syntax-jsx" "^7.2.0"

"@vue/babel-sugar-composition-api-render-instance@^1.4.0":
  version "1.4.0"
  resolved "https://registry.npmmirror.com/@vue/babel-sugar-composition-api-render-instance/-/babel-sugar-composition-api-render-instance-1.4.0.tgz#2c1607ae6dffdab47e785bc01fa45ba756e992c1"
  integrity sha512-6ZDAzcxvy7VcnCjNdHJ59mwK02ZFuP5CnucloidqlZwVQv5CQLijc3lGpR7MD3TWFi78J7+a8J56YxbCtHgT9Q==
  dependencies:
    "@babel/plugin-syntax-jsx" "^7.2.0"

"@vue/babel-sugar-functional-vue@^1.4.0":
  version "1.4.0"
  resolved "https://registry.npmmirror.com/@vue/babel-sugar-functional-vue/-/babel-sugar-functional-vue-1.4.0.tgz#60da31068567082287c7337c66ef4df04e0a1029"
  integrity sha512-lTEB4WUFNzYt2In6JsoF9sAYVTo84wC4e+PoZWSgM6FUtqRJz7wMylaEhSRgG71YF+wfLD6cc9nqVeXN2rwBvw==
  dependencies:
    "@babel/plugin-syntax-jsx" "^7.2.0"

"@vue/babel-sugar-inject-h@^1.4.0":
  version "1.4.0"
  resolved "https://registry.npmmirror.com/@vue/babel-sugar-inject-h/-/babel-sugar-inject-h-1.4.0.tgz#bf39aa6631fb1d0399b1c49b4c59e1c8899b4363"
  integrity sha512-muwWrPKli77uO2fFM7eA3G1lAGnERuSz2NgAxuOLzrsTlQl8W4G+wwbM4nB6iewlKbwKRae3nL03UaF5ffAPMA==
  dependencies:
    "@babel/plugin-syntax-jsx" "^7.2.0"

"@vue/babel-sugar-v-model@^1.4.0":
  version "1.4.0"
  resolved "https://registry.npmmirror.com/@vue/babel-sugar-v-model/-/babel-sugar-v-model-1.4.0.tgz#a51d986609f430c4f70ada3a93cc560a2970f720"
  integrity sha512-0t4HGgXb7WHYLBciZzN5s0Hzqan4Ue+p/3FdQdcaHAb7s5D9WZFGoSxEZHrR1TFVZlAPu1bejTKGeAzaaG3NCQ==
  dependencies:
    "@babel/plugin-syntax-jsx" "^7.2.0"
    "@vue/babel-helper-vue-jsx-merge-props" "^1.4.0"
    "@vue/babel-plugin-transform-vue-jsx" "^1.4.0"
    camelcase "^5.0.0"
    html-tags "^2.0.0"
    svg-tags "^1.0.0"

"@vue/babel-sugar-v-on@^1.4.0":
  version "1.4.0"
  resolved "https://registry.npmmirror.com/@vue/babel-sugar-v-on/-/babel-sugar-v-on-1.4.0.tgz#43b7106a9672d8cbeefc0eb8afe1d376edc6166e"
  integrity sha512-m+zud4wKLzSKgQrWwhqRObWzmTuyzl6vOP7024lrpeJM4x2UhQtRDLgYjXAw9xBXjCwS0pP9kXjg91F9ZNo9JA==
  dependencies:
    "@babel/plugin-syntax-jsx" "^7.2.0"
    "@vue/babel-plugin-transform-vue-jsx" "^1.4.0"
    camelcase "^5.0.0"

camelcase@^5.0.0:
  version "5.3.1"
  resolved "https://registry.npmmirror.com/camelcase/-/camelcase-5.3.1.tgz#e3c9b31569e106811df242f715725a1f4c494320"
  integrity sha512-L28STB170nwWS63UjtlEOE3dldQApaJXZkOI1uMFfzf3rRuPegHaHesyee+YxQ+W6SvRDQV6UrdOdRiR153wJg==

html-tags@^2.0.0:
  version "2.0.0"
  resolved "https://registry.npmmirror.com/html-tags/-/html-tags-2.0.0.tgz#10b30a386085f43cede353cc8fa7cb0deeea668b"
  integrity sha512-+Il6N8cCo2wB/Vd3gqy/8TZhTD3QvcVeQLCnZiGkGCH3JP28IgGAY41giccp2W4R3jfyJPAP318FQTa1yU7K7g==

lodash.kebabcase@^4.1.1:
  version "4.1.1"
  resolved "https://registry.npmmirror.com/lodash.kebabcase/-/lodash.kebabcase-4.1.1.tgz#8489b1cb0d29ff88195cceca448ff6d6cc295c36"
  integrity sha512-N8XRTIMMqqDgSy4VLKPnJ/+hpGZN+PHQiJnSenYqPaVV/NCqEogTnAdZLQiGKhxX+JCs8waWq2t1XHWKOmlY8g==

svg-tags@^1.0.0:
  version "1.0.0"
  resolved "https://registry.npmmirror.com/svg-tags/-/svg-tags-1.0.0.tgz#58f71cee3bd519b59d4b2a843b6c7de64ac04764"
  integrity sha512-ovssysQTa+luh7A5Weu3Rta6FJlFBBbInjOh722LIt6klpU2/HtdUbszju/G4devcvk8PGt7FCLv5wftu3THUA==

to-fast-properties@^2.0.0:
  version "2.0.0"
  resolved "https://registry.npmmirror.com/to-fast-properties/-/to-fast-properties-2.0.0.tgz#dc5e698cbd079265bc73e0377681a4e4e83f616e"
  integrity sha512-/OaKK0xYrs3DmxRYqL/yDc+FxFUVYhDlXMhRmv3z915w2HF1tnN1omB354j8VUGO/hbRzyD6Y3sA7v7GS/ceog==
